<?xml version="1.0" encoding="utf-8"?>
<Project ToolsVersion="4.0" xmlns="http://schemas.microsoft.com/developer/msbuild/2003">
  <ItemGroup>
    <Filter Include="source">
      <UniqueIdentifier>{b3d30554-758d-4d46-9a9e-551021f5a1f0}</UniqueIdentifier>
    </Filter>
    <Filter Include="headers">
      <UniqueIdentifier>{5d5e744d-48d8-454f-8f4a-9159c19fe6f8}</UniqueIdentifier>
    </Filter>
    <Filter Include="http/https/dns">
      <UniqueIdentifier>{acd65291-5413-459d-b132-cee4dfb32251}</UniqueIdentifier>
    </Filter>
    <Filter Include="link module">
      <UniqueIdentifier>{5952920c-98e5-4482-b7fa-1ad7a08d3add}</UniqueIdentifier>
    </Filter>
    <Filter Include="argue module">
      <UniqueIdentifier>{70165543-d038-40a5-b5a3-b160f0537822}</UniqueIdentifier>
    </Filter>
    <Filter Include="gargle">
      <UniqueIdentifier>{7d959882-6107-446c-bdb2-08717be7625e}</UniqueIdentifier>
    </Filter>
    <Filter Include="process module">
      <UniqueIdentifier>{9194665d-b00b-4699-aa50-909011094d82}</UniqueIdentifier>
    </Filter>
    <Filter Include="inject module">
      <UniqueIdentifier>{fb4d161a-38a0-401e-b2c0-dfe346c50697}</UniqueIdentifier>
    </Filter>
  </ItemGroup>
  <ItemGroup>
    <ClCompile Include="src\bformat.cpp">
      <Filter>source</Filter>
    </ClCompile>
    <ClCompile Include="src\build.cpp">
      <Filter>source</Filter>
    </ClCompile>
    <ClCompile Include="src\channel.cpp">
      <Filter>source</Filter>
    </ClCompile>
    <ClCompile Include="src\channel_tcp.cpp">
      <Filter>source</Filter>
    </ClCompile>
    <ClCompile Include="src\commands.cpp">
      <Filter>source</Filter>
    </ClCompile>
    <ClCompile Include="src\elevate.cpp">
      <Filter>source</Filter>
    </ClCompile>
    <ClCompile Include="src\files.cpp">
      <Filter>source</Filter>
    </ClCompile>
    <ClCompile Include="src\filesys.cpp">
      <Filter>source</Filter>
    </ClCompile>
    <ClCompile Include="src\functions.cpp">
      <Filter>source</Filter>
    </ClCompile>
    <ClCompile Include="src\jobs.cpp">
      <Filter>source</Filter>
    </ClCompile>
    <ClCompile Include="src\metadata.cpp">
      <Filter>source</Filter>
    </ClCompile>
    <ClCompile Include="src\parse.cpp">
      <Filter>source</Filter>
    </ClCompile>
    <ClCompile Include="src\pivot.cpp">
      <Filter>source</Filter>
    </ClCompile>
    <ClCompile Include="src\powershell.cpp">
      <Filter>source</Filter>
    </ClCompile>
    <ClCompile Include="src\profile.cpp">
      <Filter>source</Filter>
    </ClCompile>
    <ClCompile Include="src\ps.cpp">
      <Filter>source</Filter>
    </ClCompile>
    <ClCompile Include="src\recurse.cpp">
      <Filter>source</Filter>
    </ClCompile>
    <ClCompile Include="src\ReflectiveDll.cpp">
      <Filter>source</Filter>
    </ClCompile>
    <ClCompile Include="src\ReflectiveLoader.cpp">
      <Filter>source</Filter>
    </ClCompile>
    <ClCompile Include="src\security.cpp">
      <Filter>source</Filter>
    </ClCompile>
    <ClCompile Include="src\tokens.cpp">
      <Filter>source</Filter>
    </ClCompile>
    <ClCompile Include="src\webserver.cpp">
      <Filter>source</Filter>
    </ClCompile>
    <ClCompile Include="src\encoders.cpp">
      <Filter>source</Filter>
    </ClCompile>
    <ClCompile Include="src\callback.cpp">
      <Filter>source</Filter>
    </ClCompile>
    <ClCompile Include="src\thread.cpp">
      <Filter>source</Filter>
    </ClCompile>
    <ClCompile Include="src\proto.cpp">
      <Filter>source</Filter>
    </ClCompile>
    <ClCompile Include="src\beacon.cpp">
      <Filter>http/https/dns</Filter>
    </ClCompile>
    <ClCompile Include="src\link.cpp">
      <Filter>link module</Filter>
    </ClCompile>
    <ClCompile Include="src\link_smb.cpp">
      <Filter>link module</Filter>
    </ClCompile>
    <ClCompile Include="src\link_tcp.cpp">
      <Filter>link module</Filter>
    </ClCompile>
    <ClCompile Include="src\argue.cpp">
      <Filter>argue module</Filter>
    </ClCompile>
    <ClCompile Include="src\execute.cpp">
      <Filter>argue module</Filter>
    </ClCompile>
    <ClCompile Include="src\gargle.cpp">
      <Filter>gargle</Filter>
    </ClCompile>
    <ClCompile Include="src\gargleint.cpp">
      <Filter>gargle</Filter>
    </ClCompile>
    <ClCompile Include="src\spawn.cpp">
      <Filter>source</Filter>
    </ClCompile>
    <ClCompile Include="src\ppidfriends.cpp">
      <Filter>process module</Filter>
    </ClCompile>
    <ClCompile Include="src\process_block.cpp">
      <Filter>process module</Filter>
    </ClCompile>
    <ClCompile Include="src\process_ppid.cpp">
      <Filter>process module</Filter>
    </ClCompile>
    <ClCompile Include="src\inject.cpp">
      <Filter>inject module</Filter>
    </ClCompile>
    <ClCompile Include="src\hotbeef.cpp">
      <Filter>inject module</Filter>
    </ClCompile>
    <ClCompile Include="src\inject_apcthread.cpp">
      <Filter>inject module</Filter>
    </ClCompile>
    <ClCompile Include="src\inject_createthread.cpp">
      <Filter>inject module</Filter>
    </ClCompile>
    <ClCompile Include="src\inject_setthreadcontext.cpp">
      <Filter>inject module</Filter>
    </ClCompile>
    <ClCompile Include="src\inject_rtlcreateuserthread.cpp">
      <Filter>inject module</Filter>
    </ClCompile>
    <ClCompile Include="src\inject_rtlcreateuserthread_wow64.cpp">
      <Filter>inject module</Filter>
    </ClCompile>
    <ClCompile Include="src\inject_hinted.cpp">
      <Filter>inject module</Filter>
    </ClCompile>
    <ClCompile Include="src\inject_mirror.cpp">
      <Filter>inject module</Filter>
    </ClCompile>
    <ClCompile Include="src\inject_smart.cpp">
      <Filter>inject module</Filter>
    </ClCompile>
    <ClCompile Include="src\boff.cpp">
      <Filter>source</Filter>
    </ClCompile>
    <ClCompile Include="src\settings.cpp">
      <Filter>source</Filter>
    </ClCompile>
    <ClCompile Include="src\strategy.cpp">
      <Filter>source</Filter>
    </ClCompile>
    <ClCompile Include="src\track_memory.cpp">
      <Filter>source</Filter>
    </ClCompile>
  </ItemGroup>
  <ItemGroup>
    <ClInclude Include="src\beacon.h">
      <Filter>headers</Filter>
    </ClInclude>
    <ClInclude Include="src\bformat.h">
      <Filter>headers</Filter>
    </ClInclude>
    <ClInclude Include="src\build.h">
      <Filter>headers</Filter>
    </ClInclude>
    <ClInclude Include="src\channel.h">
      <Filter>headers</Filter>
    </ClInclude>
    <ClInclude Include="src\commands.h">
      <Filter>headers</Filter>
    </ClInclude>
    <ClInclude Include="src\functions.h">
      <Filter>headers</Filter>
    </ClInclude>
    <ClInclude Include="src\jobs.h">
      <Filter>headers</Filter>
    </ClInclude>
    <ClInclude Include="src\parse.h">
      <Filter>headers</Filter>
    </ClInclude>
    <ClInclude Include="src\profile.h">
      <Filter>headers</Filter>
    </ClInclude>
    <ClInclude Include="src\ReflectiveDLLInjection.h">
      <Filter>headers</Filter>
    </ClInclude>
    <ClInclude Include="src\ReflectiveLoader.h">
      <Filter>headers</Filter>
    </ClInclude>
    <ClInclude Include="src\security.h">
      <Filter>headers</Filter>
    </ClInclude>
    <ClInclude Include="src\tasks.h">
      <Filter>headers</Filter>
    </ClInclude>
    <ClInclude Include="src\tokens.h">
      <Filter>headers</Filter>
    </ClInclude>
    <ClInclude Include="src\encoders.h">
      <Filter>headers</Filter>
    </ClInclude>
    <ClInclude Include="src\link.h">
      <Filter>link module</Filter>
    </ClInclude>
    <ClInclude Include="src\linkint.h">
      <Filter>link module</Filter>
    </ClInclude>
    <ClInclude Include="src\argue.h">
      <Filter>argue module</Filter>
    </ClInclude>
    <ClInclude Include="src\gargleint.h">
      <Filter>gargle</Filter>
    </ClInclude>
    <ClInclude Include="src\process.h">
      <Filter>process module</Filter>
    </ClInclude>
    <ClInclude Include="src\inject.h">
      <Filter>inject module</Filter>
    </ClInclude>
    <ClInclude Include="src\inlinecommon.h">
      <Filter>headers</Filter>
    </ClInclude>
    <ClInclude Include="src\strategy.h">
      <Filter>headers</Filter>
    </ClInclude>
    <ClInclude Include="src\track_memory.h">
      <Filter>headers</Filter>
    </ClInclude>
  </ItemGroup>
  <ItemGroup>
    <None Include="src\ReflectiveLoader.5k">
      <Filter>source</Filter>
    </None>
    <None Include="src\ReflectiveLoader.50k">
      <Filter>source</Filter>
    </None>
    <None Include="ReflectiveLoader.100k">
      <Filter>source</Filter>
    </None>
  </ItemGroup>
</Project>